{
  "name": "cc2145a2fe1558fa",
  "lockfileVersion": 3,
  "requires": true,
  "packages": {
    "": {
      "dependencies": {
        "create-next-app": "^16.0.0"
      }
    },
    "node_modules/create-next-app": {
      "version": "16.0.0",
      "resolved": "https://registry.npmjs.org/create-next-app/-/create-next-app-16.0.0.tgz",
      "integrity": "sha512-IMJbTP13UswyqVUqNgqYhz2mrIvEdj3mcI3Zk9vlG+WzxxNZ++KaOBCAGn666XOR15C0IVlMZmIwQuv61dJwMg==",
      "license": "MIT",
      "bin": {
        "create-next-app": "dist/index.js"
      },
      "engines": {
        "node": ">=20.9.0"
      }
    }
  }
}
